// !$*UTF8*$!
{
	archiveVersion = 1;
	classes = {
	};
	objectVersion = 48;
	objects = {

/* Begin PBXBuildFile section */
		0E1CBD2020D32953006E59BA /* AppDelegate.swift in Sources */ = {isa = PBXBuildFile; fileRef = 0E1CBD1F20D32953006E59BA /* AppDelegate.swift */; };
		0E1CBD2220D32953006E59BA /* ViewController.swift in Sources */ = {isa = PBXBuildFile; fileRef = 0E1CBD2120D32953006E59BA /* ViewController.swift */; };
		0E1CBD2520D32953006E59BA /* Main.storyboard in Resources */ = {isa = PBXBuildFile; fileRef = 0E1CBD2320D32953006E59BA /* Main.storyboard */; };
		0E1CBD2720D32953006E59BA /* Assets.xcassets in Resources */ = {isa = PBXBuildFile; fileRef = 0E1CBD2620D32953006E59BA /* Assets.xcassets */; };
		0E1CBD2A20D32953006E59BA /* LaunchScreen.storyboard in Resources */ = {isa = PBXBuildFile; fileRef = 0E1CBD2820D32953006E59BA /* LaunchScreen.storyboard */; };
		0E1CBD3520D32953006E59BA /* Webscrape_TutorialTests.swift in Sources */ = {isa = PBXBuildFile; fileRef = 0E1CBD3420D32953006E59BA /* Webscrape_TutorialTests.swift */; };
		0E1CBD4020D32953006E59BA /* Webscrape_TutorialUITests.swift in Sources */ = {isa = PBXBuildFile; fileRef = 0E1CBD3F20D32953006E59BA /* Webscrape_TutorialUITests.swift */; };
		0E1CBD4E20D33006006E59BA /* EmailsVC.swift in Sources */ = {isa = PBXBuildFile; fileRef = 0E1CBD4D20D33006006E59BA /* EmailsVC.swift */; };
		0E86B2A520D5BEC000862144 /* GmailResponse.swift in Sources */ = {isa = PBXBuildFile; fileRef = 0E86B2A420D5BEC000862144 /* GmailResponse.swift */; };
		0E86B2A720D5C48200862144 /* Email.swift in Sources */ = {isa = PBXBuildFile; fileRef = 0E86B2A620D5C48200862144 /* Email.swift */; };
		816494BF76940DF298C75F7C /* Pods_Webscrape_Tutorial.framework in Frameworks */ = {isa = PBXBuildFile; fileRef = 15FCCA242D0DCC50B66C2997 /* Pods_Webscrape_Tutorial.framework */; };
		965CEF313B7617513B5EBCB5 /* Pods_Webscrape_TutorialUITests.framework in Frameworks */ = {isa = PBXBuildFile; fileRef = C3392CD3DEFD7A0DB4F30B6A /* Pods_Webscrape_TutorialUITests.framework */; };
		D1D9560FF19A7806B4BC0B04 /* Pods_Webscrape_TutorialTests.framework in Frameworks */ = {isa = PBXBuildFile; fileRef = DE3A26FB911D11AD03CE8946 /* Pods_Webscrape_TutorialTests.framework */; };
/* End PBXBuildFile section */

/* Begin PBXContainerItemProxy section */
		0E1CBD3120D32953006E59BA /* PBXContainerItemProxy */ = {
			isa = PBXContainerItemProxy;
			containerPortal = 0E1CBD1420D32953006E59BA /* Project object */;
			proxyType = 1;
			remoteGlobalIDString = 0E1CBD1B20D32953006E59BA;
			remoteInfo = "Webscrape Tutorial";
		};
		0E1CBD3C20D32953006E59BA /* PBXContainerItemProxy */ = {
			isa = PBXContainerItemProxy;
			containerPortal = 0E1CBD1420D32953006E59BA /* Project object */;
			proxyType = 1;
			remoteGlobalIDString = 0E1CBD1B20D32953006E59BA;
			remoteInfo = "Webscrape Tutorial";
		};
/* End PBXContainerItemProxy section */

/* Begin PBXFileReference section */
		01DC3E4A03A3E88A1429CEBB /* Pods-Webscrape TutorialUITests.release.xcconfig */ = {isa = PBXFileReference; includeInIndex = 1; lastKnownFileType = text.xcconfig; name = "Pods-Webscrape TutorialUITests.release.xcconfig"; path = "Pods/Target Support Files/Pods-Webscrape TutorialUITests/Pods-Webscrape TutorialUITests.release.xcconfig"; sourceTree = "<group>"; };
		0D5DD3856FABA55D9DFB94FC /* Pods-Webscrape Tutorial.release.xcconfig */ = {isa = PBXFileReference; includeInIndex = 1; lastKnownFileType = text.xcconfig; name = "Pods-Webscrape Tutorial.release.xcconfig"; path = "Pods/Target Support Files/Pods-Webscrape Tutorial/Pods-Webscrape Tutorial.release.xcconfig"; sourceTree = "<group>"; };
		0E1CBD1C20D32953006E59BA /* Webscrape Tutorial.app */ = {isa = PBXFileReference; explicitFileType = wrapper.application; includeInIndex = 0; path = "Webscrape Tutorial.app"; sourceTree = BUILT_PRODUCTS_DIR; };
		0E1CBD1F20D32953006E59BA /* AppDelegate.swift */ = {isa = PBXFileReference; lastKnownFileType = sourcecode.swift; path = AppDelegate.swift; sourceTree = "<group>"; };
		0E1CBD2120D32953006E59BA /* ViewController.swift */ = {isa = PBXFileReference; lastKnownFileType = sourcecode.swift; path = ViewController.swift; sourceTree = "<group>"; };
		0E1CBD2420D32953006E59BA /* Base */ = {isa = PBXFileReference; lastKnownFileType = file.storyboard; name = Base; path = Base.lproj/Main.storyboard; sourceTree = "<group>"; };
		0E1CBD2620D32953006E59BA /* Assets.xcassets */ = {isa = PBXFileReference; lastKnownFileType = folder.assetcatalog; path = Assets.xcassets; sourceTree = "<group>"; };
		0E1CBD2920D32953006E59BA /* Base */ = {isa = PBXFileReference; lastKnownFileType = file.storyboard; name = Base; path = Base.lproj/LaunchScreen.storyboard; sourceTree = "<group>"; };
		0E1CBD2B20D32953006E59BA /* Info.plist */ = {isa = PBXFileReference; lastKnownFileType = text.plist.xml; path = Info.plist; sourceTree = "<group>"; };
		0E1CBD3020D32953006E59BA /* Webscrape TutorialTests.xctest */ = {isa = PBXFileReference; explicitFileType = wrapper.cfbundle; includeInIndex = 0; path = "Webscrape TutorialTests.xctest"; sourceTree = BUILT_PRODUCTS_DIR; };
		0E1CBD3420D32953006E59BA /* Webscrape_TutorialTests.swift */ = {isa = PBXFileReference; lastKnownFileType = sourcecode.swift; path = Webscrape_TutorialTests.swift; sourceTree = "<group>"; };
		0E1CBD3620D32953006E59BA /* Info.plist */ = {isa = PBXFileReference; lastKnownFileType = text.plist.xml; path = Info.plist; sourceTree = "<group>"; };
		0E1CBD3B20D32953006E59BA /* Webscrape TutorialUITests.xctest */ = {isa = PBXFileReference; explicitFileType = wrapper.cfbundle; includeInIndex = 0; path = "Webscrape TutorialUITests.xctest"; sourceTree = BUILT_PRODUCTS_DIR; };
		0E1CBD3F20D32953006E59BA /* Webscrape_TutorialUITests.swift */ = {isa = PBXFileReference; lastKnownFileType = sourcecode.swift; path = Webscrape_TutorialUITests.swift; sourceTree = "<group>"; };
		0E1CBD4120D32953006E59BA /* Info.plist */ = {isa = PBXFileReference; lastKnownFileType = text.plist.xml; path = Info.plist; sourceTree = "<group>"; };
		0E1CBD4D20D33006006E59BA /* EmailsVC.swift */ = {isa = PBXFileReference; lastKnownFileType = sourcecode.swift; path = EmailsVC.swift; sourceTree = "<group>"; };
		0E86B2A420D5BEC000862144 /* GmailResponse.swift */ = {isa = PBXFileReference; lastKnownFileType = sourcecode.swift; path = GmailResponse.swift; sourceTree = "<group>"; };
		0E86B2A620D5C48200862144 /* Email.swift */ = {isa = PBXFileReference; lastKnownFileType = sourcecode.swift; path = Email.swift; sourceTree = "<group>"; };
		15FCCA242D0DCC50B66C2997 /* Pods_Webscrape_Tutorial.framework */ = {isa = PBXFileReference; explicitFileType = wrapper.framework; includeInIndex = 0; path = Pods_Webscrape_Tutorial.framework; sourceTree = BUILT_PRODUCTS_DIR; };
		2168E288A6E3648A0409ADA7 /* Pods-Webscrape Tutorial.debug.xcconfig */ = {isa = PBXFileReference; includeInIndex = 1; lastKnownFileType = text.xcconfig; name = "Pods-Webscrape Tutorial.debug.xcconfig"; path = "Pods/Target Support Files/Pods-Webscrape Tutorial/Pods-Webscrape Tutorial.debug.xcconfig"; sourceTree = "<group>"; };
		2EF0B9A2236687FA276FF662 /* Pods-Webscrape TutorialTests.debug.xcconfig */ = {isa = PBXFileReference; includeInIndex = 1; lastKnownFileType = text.xcconfig; name = "Pods-Webscrape TutorialTests.debug.xcconfig"; path = "Pods/Target Support Files/Pods-Webscrape TutorialTests/Pods-Webscrape TutorialTests.debug.xcconfig"; sourceTree = "<group>"; };
		948FD54078F92F1268C18146 /* Pods-Webscrape TutorialTests.release.xcconfig */ = {isa = PBXFileReference; includeInIndex = 1; lastKnownFileType = text.xcconfig; name = "Pods-Webscrape TutorialTests.release.xcconfig"; path = "Pods/Target Support Files/Pods-Webscrape TutorialTests/Pods-Webscrape TutorialTests.release.xcconfig"; sourceTree = "<group>"; };
		B5E45327EE2C3287CB2939F2 /* Pods-Webscrape TutorialUITests.debug.xcconfig */ = {isa = PBXFileReference; includeInIndex = 1; lastKnownFileType = text.xcconfig; name = "Pods-Webscrape TutorialUITests.debug.xcconfig"; path = "Pods/Target Support Files/Pods-Webscrape TutorialUITests/Pods-Webscrape TutorialUITests.debug.xcconfig"; sourceTree = "<group>"; };
		C3392CD3DEFD7A0DB4F30B6A /* Pods_Webscrape_TutorialUITests.framework */ = {isa = PBXFileReference; explicitFileType = wrapper.framework; includeInIndex = 0; path = Pods_Webscrape_TutorialUITests.framework; sourceTree = BUILT_PRODUCTS_DIR; };
		DE3A26FB911D11AD03CE8946 /* Pods_Webscrape_TutorialTests.framework */ = {isa = PBXFileReference; explicitFileType = wrapper.framework; includeInIndex = 0; path = Pods_Webscrape_TutorialTests.framework; sourceTree = BUILT_PRODUCTS_DIR; };
/* End PBXFileReference section */

/* Begin PBXFrameworksBuildPhase section */
		0E1CBD1920D32953006E59BA /* Frameworks */ = {
			isa = PBXFrameworksBuildPhase;
			buildActionMask = 2147483647;
			files = (
				816494BF76940DF298C75F7C /* Pods_Webscrape_Tutorial.framework in Frameworks */,
			);
			runOnlyForDeploymentPostprocessing = 0;
		};
		0E1CBD2D20D32953006E59BA /* Frameworks */ = {
			isa = PBXFrameworksBuildPhase;
			buildActionMask = 2147483647;
			files = (
				D1D9560FF19A7806B4BC0B04 /* Pods_Webscrape_TutorialTests.framework in Frameworks */,
			);
			runOnlyForDeploymentPostprocessing = 0;
		};
		0E1CBD3820D32953006E59BA /* Frameworks */ = {
			isa = PBXFrameworksBuildPhase;
			buildActionMask = 2147483647;
			files = (
				965CEF313B7617513B5EBCB5 /* Pods_Webscrape_TutorialUITests.framework in Frameworks */,
			);
			runOnlyForDeploymentPostprocessing = 0;
		};
/* End PBXFrameworksBuildPhase section */

/* Begin PBXGroup section */
		0E1CBD1320D32953006E59BA = {
			isa = PBXGroup;
			children = (
				0E1CBD1E20D32953006E59BA /* Webscrape Tutorial */,
				0E1CBD3320D32953006E59BA /* Webscrape TutorialTests */,
				0E1CBD3E20D32953006E59BA /* Webscrape TutorialUITests */,
				0E1CBD1D20D32953006E59BA /* Products */,
				7ECFD9C0BB79D36B799B690E /* Pods */,
				78DFC56B6D49BDD0E184A8F4 /* Frameworks */,
			);
			sourceTree = "<group>";
		};
		0E1CBD1D20D32953006E59BA /* Products */ = {
			isa = PBXGroup;
			children = (
				0E1CBD1C20D32953006E59BA /* Webscrape Tutorial.app */,
				0E1CBD3020D32953006E59BA /* Webscrape TutorialTests.xctest */,
				0E1CBD3B20D32953006E59BA /* Webscrape TutorialUITests.xctest */,
			);
			name = Products;
			sourceTree = "<group>";
		};
		0E1CBD1E20D32953006E59BA /* Webscrape Tutorial */ = {
			isa = PBXGroup;
			children = (
				0E1CBD1F20D32953006E59BA /* AppDelegate.swift */,
				0E1CBD2120D32953006E59BA /* ViewController.swift */,
				0E86B2A620D5C48200862144 /* Email.swift */,
				0E1CBD4D20D33006006E59BA /* EmailsVC.swift */,
				0E86B2A420D5BEC000862144 /* GmailResponse.swift */,
				0E1CBD2320D32953006E59BA /* Main.storyboard */,
				0E1CBD2620D32953006E59BA /* Assets.xcassets */,
				0E1CBD2820D32953006E59BA /* LaunchScreen.storyboard */,
				0E1CBD2B20D32953006E59BA /* Info.plist */,
			);
			path = "Webscrape Tutorial";
			sourceTree = "<group>";
		};
		0E1CBD3320D32953006E59BA /* Webscrape TutorialTests */ = {
			isa = PBXGroup;
			children = (
				0E1CBD3420D32953006E59BA /* Webscrape_TutorialTests.swift */,
				0E1CBD3620D32953006E59BA /* Info.plist */,
			);
			path = "Webscrape TutorialTests";
			sourceTree = "<group>";
		};
		0E1CBD3E20D32953006E59BA /* Webscrape TutorialUITests */ = {
			isa = PBXGroup;
			children = (
				0E1CBD3F20D32953006E59BA /* Webscrape_TutorialUITests.swift */,
				0E1CBD4120D32953006E59BA /* Info.plist */,
			);
			path = "Webscrape TutorialUITests";
			sourceTree = "<group>";
		};
		78DFC56B6D49BDD0E184A8F4 /* Frameworks */ = {
			isa = PBXGroup;
			children = (
				15FCCA242D0DCC50B66C2997 /* Pods_Webscrape_Tutorial.framework */,
				DE3A26FB911D11AD03CE8946 /* Pods_Webscrape_TutorialTests.framework */,
				C3392CD3DEFD7A0DB4F30B6A /* Pods_Webscrape_TutorialUITests.framework */,
			);
			name = Frameworks;
			sourceTree = "<group>";
		};
		7ECFD9C0BB79D36B799B690E /* Pods */ = {
			isa = PBXGroup;
			children = (
				2168E288A6E3648A0409ADA7 /* Pods-Webscrape Tutorial.debug.xcconfig */,
				0D5DD3856FABA55D9DFB94FC /* Pods-Webscrape Tutorial.release.xcconfig */,
				2EF0B9A2236687FA276FF662 /* Pods-Webscrape TutorialTests.debug.xcconfig */,
				948FD54078F92F1268C18146 /* Pods-Webscrape TutorialTests.release.xcconfig */,
				B5E45327EE2C3287CB2939F2 /* Pods-Webscrape TutorialUITests.debug.xcconfig */,
				01DC3E4A03A3E88A1429CEBB /* Pods-Webscrape TutorialUITests.release.xcconfig */,
			);
			name = Pods;
			sourceTree = "<group>";
		};
/* End PBXGroup section */

/* Begin PBXNativeTarget section */
		0E1CBD1B20D32953006E59BA /* Webscrape Tutorial */ = {
			isa = PBXNativeTarget;
			buildConfigurationList = 0E1CBD4420D32953006E59BA /* Build configuration list for PBXNativeTarget "Webscrape Tutorial" */;
			buildPhases = (
				5718E48DE48812E57EDFE15E /* [CP] Check Pods Manifest.lock */,
				0E1CBD1820D32953006E59BA /* Sources */,
				0E1CBD1920D32953006E59BA /* Frameworks */,
				0E1CBD1A20D32953006E59BA /* Resources */,
				AEEA2765AF262434D8CEE3A2 /* [CP] Embed Pods Frameworks */,
			);
			buildRules = (
			);
			dependencies = (
			);
			name = "Webscrape Tutorial";
			productName = "Webscrape Tutorial";
			productReference = 0E1CBD1C20D32953006E59BA /* Webscrape Tutorial.app */;
			productType = "com.apple.product-type.application";
		};
		0E1CBD2F20D32953006E59BA /* Webscrape TutorialTests */ = {
			isa = PBXNativeTarget;
			buildConfigurationList = 0E1CBD4720D32953006E59BA /* Build configuration list for PBXNativeTarget "Webscrape TutorialTests" */;
			buildPhases = (
				ACAE531A4C7667A8A1B40D52 /* [CP] Check Pods Manifest.lock */,
				0E1CBD2C20D32953006E59BA /* Sources */,
				0E1CBD2D20D32953006E59BA /* Frameworks */,
				0E1CBD2E20D32953006E59BA /* Resources */,
			);
			buildRules = (
			);
			dependencies = (
				0E1CBD3220D32953006E59BA /* PBXTargetDependency */,
			);
			name = "Webscrape TutorialTests";
			productName = "Webscrape TutorialTests";
			productReference = 0E1CBD3020D32953006E59BA /* Webscrape TutorialTests.xctest */;
			productType = "com.apple.product-type.bundle.unit-test";
		};
		0E1CBD3A20D32953006E59BA /* Webscrape TutorialUITests */ = {
			isa = PBXNativeTarget;
			buildConfigurationList = 0E1CBD4A20D32953006E59BA /* Build configuration list for PBXNativeTarget "Webscrape TutorialUITests" */;
			buildPhases = (
				12C3C37005C14683A6286718 /* [CP] Check Pods Manifest.lock */,
				0E1CBD3720D32953006E59BA /* Sources */,
				0E1CBD3820D32953006E59BA /* Frameworks */,
				0E1CBD3920D32953006E59BA /* Resources */,
			);
			buildRules = (
			);
			dependencies = (
				0E1CBD3D20D32953006E59BA /* PBXTargetDependency */,
			);
			name = "Webscrape TutorialUITests";
			productName = "Webscrape TutorialUITests";
			productReference = 0E1CBD3B20D32953006E59BA /* Webscrape TutorialUITests.xctest */;
			productType = "com.apple.product-type.bundle.ui-testing";
		};
/* End PBXNativeTarget section */

/* Begin PBXProject section */
		0E1CBD1420D32953006E59BA /* Project object */ = {
			isa = PBXProject;
			attributes = {
				KnownAssetTags = (
					Email,
				);
				LastSwiftUpdateCheck = 0920;
				LastUpgradeCheck = 0920;
				ORGANIZATIONNAME = DuCharme;
				TargetAttributes = {
					0E1CBD1B20D32953006E59BA = {
						CreatedOnToolsVersion = 9.2;
						ProvisioningStyle = Automatic;
					};
					0E1CBD2F20D32953006E59BA = {
						CreatedOnToolsVersion = 9.2;
						ProvisioningStyle = Automatic;
						TestTargetID = 0E1CBD1B20D32953006E59BA;
					};
					0E1CBD3A20D32953006E59BA = {
						CreatedOnToolsVersion = 9.2;
						ProvisioningStyle = Automatic;
						TestTargetID = 0E1CBD1B20D32953006E59BA;
					};
				};
			};
			buildConfigurationList = 0E1CBD1720D32953006E59BA /* Build configuration list for PBXProject "Webscrape Tutorial" */;
			compatibilityVersion = "Xcode 8.0";
			developmentRegion = en;
			hasScannedForEncodings = 0;
			knownRegions = (
				en,
				Base,
			);
			mainGroup = 0E1CBD1320D32953006E59BA;
			productRefGroup = 0E1CBD1D20D32953006E59BA /* Products */;
			projectDirPath = "";
			projectRoot = "";
			targets = (
				0E1CBD1B20D32953006E59BA /* Webscrape Tutorial */,
				0E1CBD2F20D32953006E59BA /* Webscrape TutorialTests */,
				0E1CBD3A20D32953006E59BA /* Webscrape TutorialUITests */,
			);
		};
/* End PBXProject section */

/* Begin PBXResourcesBuildPhase section */
		0E1CBD1A20D32953006E59BA /* Resources */ = {
			isa = PBXResourcesBuildPhase;
			buildActionMask = 2147483647;
			files = (
				0E1CBD2A20D32953006E59BA /* LaunchScreen.storyboard in Resources */,
				0E1CBD2720D32953006E59BA /* Assets.xcassets in Resources */,
				0E1CBD2520D32953006E59BA /* Main.storyboard in Resources */,
			);
			runOnlyForDeploymentPostprocessing = 0;
		};
		0E1CBD2E20D32953006E59BA /* Resources */ = {
			isa = PBXResourcesBuildPhase;
			buildActionMask = 2147483647;
			files = (
			);
			runOnlyForDeploymentPostprocessing = 0;
		};
		0E1CBD3920D32953006E59BA /* Resources */ = {
			isa = PBXResourcesBuildPhase;
			buildActionMask = 2147483647;
			files = (
			);
			runOnlyForDeploymentPostprocessing = 0;
		};
/* End PBXResourcesBuildPhase section */

/* Begin PBXShellScriptBuildPhase section */
		12C3C37005C14683A6286718 /* [CP] Check Pods Manifest.lock */ = {
			isa = PBXShellScriptBuildPhase;
			buildActionMask = 2147483647;
			files = (
			);
			inputPaths = (
				"${PODS_PODFILE_DIR_PATH}/Podfile.lock",
				"${PODS_ROOT}/Manifest.lock",
			);
			name = "[CP] Check Pods Manifest.lock";
			outputPaths = (
				"$(DERIVED_FILE_DIR)/Pods-Webscrape TutorialUITests-checkManifestLockResult.txt",
			);
			runOnlyForDeploymentPostprocessing = 0;
			shellPath = /bin/sh;
			shellScript = "diff \"${PODS_PODFILE_DIR_PATH}/Podfile.lock\" \"${PODS_ROOT}/Manifest.lock\" > /dev/null\nif [ $? != 0 ] ; then\n    # print error to STDERR\n    echo \"error: The sandbox is not in sync with the Podfile.lock. Run 'pod install' or update your CocoaPods installation.\" >&2\n    exit 1\nfi\n# This output is used by Xcode 'outputs' to avoid re-running this script phase.\necho \"SUCCESS\" > \"${SCRIPT_OUTPUT_FILE_0}\"\n";
			showEnvVarsInLog = 0;
		};
		5718E48DE48812E57EDFE15E /* [CP] Check Pods Manifest.lock */ = {
			isa = PBXShellScriptBuildPhase;
			buildActionMask = 2147483647;
			files = (
			);
			inputPaths = (
				"${PODS_PODFILE_DIR_PATH}/Podfile.lock",
				"${PODS_ROOT}/Manifest.lock",
			);
			name = "[CP] Check Pods Manifest.lock";
			outputPaths = (
				"$(DERIVED_FILE_DIR)/Pods-Webscrape Tutorial-checkManifestLockResult.txt",
			);
			runOnlyForDeploymentPostprocessing = 0;
			shellPath = /bin/sh;
			shellScript = "diff \"${PODS_PODFILE_DIR_PATH}/Podfile.lock\" \"${PODS_ROOT}/Manifest.lock\" > /dev/null\nif [ $? != 0 ] ; then\n    # print error to STDERR\n    echo \"error: The sandbox is not in sync with the Podfile.lock. Run 'pod install' or update your CocoaPods installation.\" >&2\n    exit 1\nfi\n# This output is used by Xcode 'outputs' to avoid re-running this script phase.\necho \"SUCCESS\" > \"${SCRIPT_OUTPUT_FILE_0}\"\n";
			showEnvVarsInLog = 0;
		};
		ACAE531A4C7667A8A1B40D52 /* [CP] Check Pods Manifest.lock */ = {
			isa = PBXShellScriptBuildPhase;
			buildActionMask = 2147483647;
			files = (
			);
			inputPaths = (
				"${PODS_PODFILE_DIR_PATH}/Podfile.lock",
				"${PODS_ROOT}/Manifest.lock",
			);
			name = "[CP] Check Pods Manifest.lock";
			outputPaths = (
				"$(DERIVED_FILE_DIR)/Pods-Webscrape TutorialTests-checkManifestLockResult.txt",
			);
			runOnlyForDeploymentPostprocessing = 0;
			shellPath = /bin/sh;
			shellScript = "diff \"${PODS_PODFILE_DIR_PATH}/Podfile.lock\" \"${PODS_ROOT}/Manifest.lock\" > /dev/null\nif [ $? != 0 ] ; then\n    # print error to STDERR\n    echo \"error: The sandbox is not in sync with the Podfile.lock. Run 'pod install' or update your CocoaPods installation.\" >&2\n    exit 1\nfi\n# This output is used by Xcode 'outputs' to avoid re-running this script phase.\necho \"SUCCESS\" > \"${SCRIPT_OUTPUT_FILE_0}\"\n";
			showEnvVarsInLog = 0;
		};
		AEEA2765AF262434D8CEE3A2 /* [CP] Embed Pods Frameworks */ = {
			isa = PBXShellScriptBuildPhase;
			buildActionMask = 2147483647;
			files = (
			);
			inputPaths = (
				"${SRCROOT}/Pods/Target Support Files/Pods-Webscrape Tutorial/Pods-Webscrape Tutorial-frameworks.sh",
				"${BUILT_PRODUCTS_DIR}/SwiftSoup/SwiftSoup.framework",
			);
			name = "[CP] Embed Pods Frameworks";
			outputPaths = (
				"${TARGET_BUILD_DIR}/${FRAMEWORKS_FOLDER_PATH}/SwiftSoup.framework",
			);
			runOnlyForDeploymentPostprocessing = 0;
			shellPath = /bin/sh;
			shellScript = "\"${SRCROOT}/Pods/Target Support Files/Pods-Webscrape Tutorial/Pods-Webscrape Tutorial-frameworks.sh\"\n";
			showEnvVarsInLog = 0;
		};
/* End PBXShellScriptBuildPhase section */

/* Begin PBXSourcesBuildPhase section */
		0E1CBD1820D32953006E59BA /* Sources */ = {
			isa = PBXSourcesBuildPhase;
			buildActionMask = 2147483647;
			files = (
				0E1CBD2220D32953006E59BA /* ViewController.swift in Sources */,
				0E86B2A720D5C48200862144 /* Email.swift in Sources */,
				0E1CBD4E20D33006006E59BA /* EmailsVC.swift in Sources */,
				0E1CBD2020D32953006E59BA /* AppDelegate.swift in Sources */,
				0E86B2A520D5BEC000862144 /* GmailResponse.swift in Sources */,
			);
			runOnlyForDeploymentPostprocessing = 0;
		};
		0E1CBD2C20D32953006E59BA /* Sources */ = {
			isa = PBXSourcesBuildPhase;
			buildActionMask = 2147483647;
			files = (
				0E1CBD3520D32953006E59BA /* Webscrape_TutorialTests.swift in Sources */,
			);
			runOnlyForDeploymentPostprocessing = 0;
		};
		0E1CBD3720D32953006E59BA /* Sources */ = {
			isa = PBXSourcesBuildPhase;
			buildActionMask = 2147483647;
			files = (
				0E1CBD4020D32953006E59BA /* Webscrape_TutorialUITests.swift in Sources */,
			);
			runOnlyForDeploymentPostprocessing = 0;
		};
/* End PBXSourcesBuildPhase section */

/* Begin PBXTargetDependency section */
		0E1CBD3220D32953006E59BA /* PBXTargetDependency */ = {
			isa = PBXTargetDependency;
			target = 0E1CBD1B20D32953006E59BA /* Webscrape Tutorial */;
			targetProxy = 0E1CBD3120D32953006E59BA /* PBXContainerItemProxy */;
		};
		0E1CBD3D20D32953006E59BA /* PBXTargetDependency */ = {
			isa = PBXTargetDependency;
			target = 0E1CBD1B20D32953006E59BA /* Webscrape Tutorial */;
			targetProxy = 0E1CBD3C20D32953006E59BA /* PBXContainerItemProxy */;
		};
/* End PBXTargetDependency section */

/* Begin PBXVariantGroup section */
		0E1CBD2320D32953006E59BA /* Main.storyboard */ = {
			isa = PBXVariantGroup;
			children = (
				0E1CBD2420D32953006E59BA /* Base */,
			);
			name = Main.storyboard;
			sourceTree = "<group>";
		};
		0E1CBD2820D32953006E59BA /* LaunchScreen.storyboard */ = {
			isa = PBXVariantGroup;
			children = (
				0E1CBD2920D32953006E59BA /* Base */,
			);
			name = LaunchScreen.storyboard;
			sourceTree = "<group>";
		};
/* End PBXVariantGroup section */

/* Begin XCBuildConfiguration section */
		0E1CBD4220D32953006E59BA /* Debug */ = {
			isa = XCBuildConfiguration;
			buildSettings = {
				ALWAYS_SEARCH_USER_PATHS = NO;
				CLANG_ANALYZER_NONNULL = YES;
				CLANG_ANALYZER_NUMBER_OBJECT_CONVERSION = YES_AGGRESSIVE;
				CLANG_CXX_LANGUAGE_STANDARD = "gnu++14";
				CLANG_CXX_LIBRARY = "libc++";
				CLANG_ENABLE_MODULES = YES;
				CLANG_ENABLE_OBJC_ARC = YES;
				CLANG_WARN_BLOCK_CAPTURE_AUTORELEASING = YES;
				CLANG_WARN_BOOL_CONVERSION = YES;
				CLANG_WARN_COMMA = YES;
				CLANG_WARN_CONSTANT_CONVERSION = YES;
				CLANG_WARN_DIRECT_OBJC_ISA_USAGE = YES_ERROR;
				CLANG_WARN_DOCUMENTATION_COMMENTS = YES;
				CLANG_WARN_EMPTY_BODY = YES;
				CLANG_WARN_ENUM_CONVERSION = YES;
				CLANG_WARN_INFINITE_RECURSION = YES;
				CLANG_WARN_INT_CONVERSION = YES;
				CLANG_WARN_NON_LITERAL_NULL_CONVERSION = YES;
				CLANG_WARN_OBJC_LITERAL_CONVERSION = YES;
				CLANG_WARN_OBJC_ROOT_CLASS = YES_ERROR;
				CLANG_WARN_RANGE_LOOP_ANALYSIS = YES;
				CLANG_WARN_STRICT_PROTOTYPES = YES;
				CLANG_WARN_SUSPICIOUS_MOVE = YES;
				CLANG_WARN_UNGUARDED_AVAILABILITY = YES_AGGRESSIVE;
				CLANG_WARN_UNREACHABLE_CODE = YES;
				CLANG_WARN__DUPLICATE_METHOD_MATCH = YES;
				CODE_SIGN_IDENTITY = "iPhone Developer";
				COPY_PHASE_STRIP = NO;
				DEBUG_INFORMATION_FORMAT = dwarf;
				ENABLE_STRICT_OBJC_MSGSEND = YES;
				ENABLE_TESTABILITY = YES;
				GCC_C_LANGUAGE_STANDARD = gnu11;
				GCC_DYNAMIC_NO_PIC = NO;
				GCC_NO_COMMON_BLOCKS = YES;
				GCC_OPTIMIZATION_LEVEL = 0;
				GCC_PREPROCESSOR_DEFINITIONS = (
					"DEBUG=1",
					"$(inherited)",
				);
				GCC_WARN_64_TO_32_BIT_CONVERSION = YES;
				GCC_WARN_ABOUT_RETURN_TYPE = YES_ERROR;
				GCC_WARN_UNDECLARED_SELECTOR = YES;
				GCC_WARN_UNINITIALIZED_AUTOS = YES_AGGRESSIVE;
				GCC_WARN_UNUSED_FUNCTION = YES;
				GCC_WARN_UNUSED_VARIABLE = YES;
				IPHONEOS_DEPLOYMENT_TARGET = 11.2;
				MTL_ENABLE_DEBUG_INFO = YES;
				ONLY_ACTIVE_ARCH = YES;
				SDKROOT = iphoneos;
				SWIFT_ACTIVE_COMPILATION_CONDITIONS = DEBUG;
				SWIFT_OPTIMIZATION_LEVEL = "-Onone";
			};
			name = Debug;
		};
		0E1CBD4320D32953006E59BA /* Release */ = {
			isa = XCBuildConfiguration;
			buildSettings = {
				ALWAYS_SEARCH_USER_PATHS = NO;
				CLANG_ANALYZER_NONNULL = YES;
				CLANG_ANALYZER_NUMBER_OBJECT_CONVERSION = YES_AGGRESSIVE;
				CLANG_CXX_LANGUAGE_STANDARD = "gnu++14";
				CLANG_CXX_LIBRARY = "libc++";
				CLANG_ENABLE_MODULES = YES;
				CLANG_ENABLE_OBJC_ARC = YES;
				CLANG_WARN_BLOCK_CAPTURE_AUTORELEASING = YES;
				CLANG_WARN_BOOL_CONVERSION = YES;
				CLANG_WARN_COMMA = YES;
				CLANG_WARN_CONSTANT_CONVERSION = YES;
				CLANG_WARN_DIRECT_OBJC_ISA_USAGE = YES_ERROR;
				CLANG_WARN_DOCUMENTATION_COMMENTS = YES;
				CLANG_WARN_EMPTY_BODY = YES;
				CLANG_WARN_ENUM_CONVERSION = YES;
				CLANG_WARN_INFINITE_RECURSION = YES;
				CLANG_WARN_INT_CONVERSION = YES;
				CLANG_WARN_NON_LITERAL_NULL_CONVERSION = YES;
				CLANG_WARN_OBJC_LITERAL_CONVERSION = YES;
				CLANG_WARN_OBJC_ROOT_CLASS = YES_ERROR;
				CLANG_WARN_RANGE_LOOP_ANALYSIS = YES;
				CLANG_WARN_STRICT_PROTOTYPES = YES;
				CLANG_WARN_SUSPICIOUS_MOVE = YES;
				CLANG_WARN_UNGUARDED_AVAILABILITY = YES_AGGRESSIVE;
				CLANG_WARN_UNREACHABLE_CODE = YES;
				CLANG_WARN__DUPLICATE_METHOD_MATCH = YES;
				CODE_SIGN_IDENTITY = "iPhone Developer";
				COPY_PHASE_STRIP = NO;
				DEBUG_INFORMATION_FORMAT = "dwarf-with-dsym";
				ENABLE_NS_ASSERTIONS = NO;
				ENABLE_STRICT_OBJC_MSGSEND = YES;
				GCC_C_LANGUAGE_STANDARD = gnu11;
				GCC_NO_COMMON_BLOCKS = YES;
				GCC_WARN_64_TO_32_BIT_CONVERSION = YES;
				GCC_WARN_ABOUT_RETURN_TYPE = YES_ERROR;
				GCC_WARN_UNDECLARED_SELECTOR = YES;
				GCC_WARN_UNINITIALIZED_AUTOS = YES_AGGRESSIVE;
				GCC_WARN_UNUSED_FUNCTION = YES;
				GCC_WARN_UNUSED_VARIABLE = YES;
				IPHONEOS_DEPLOYMENT_TARGET = 11.2;
				MTL_ENABLE_DEBUG_INFO = NO;
				SDKROOT = iphoneos;
				SWIFT_OPTIMIZATION_LEVEL = "-Owholemodule";
				VALIDATE_PRODUCT = YES;
			};
			name = Release;
		};
		0E1CBD4520D32953006E59BA /* Debug */ = {
			isa = XCBuildConfiguration;
			baseConfigurationReference = 2168E288A6E3648A0409ADA7 /* Pods-Webscrape Tutorial.debug.xcconfig */;
			buildSettings = {
				ASSETCATALOG_COMPILER_APPICON_NAME = AppIcon;
				CODE_SIGN_STYLE = Automatic;
				INFOPLIST_FILE = "Webscrape Tutorial/Info.plist";
				LD_RUNPATH_SEARCH_PATHS = "$(inherited) @executable_path/Frameworks";
				PRODUCT_BUNDLE_IDENTIFIER = "CHRM.Webscrape-Tutorial";
				PRODUCT_NAME = "$(TARGET_NAME)";
				SWIFT_VERSION = 4.0;
				TARGETED_DEVICE_FAMILY = "1,2";
			};
			name = Debug;
		};
		0E1CBD4620D32953006E59BA /* Release */ = {
			isa = XCBuildConfiguration;
			baseConfigurationReference = 0D5DD3856FABA55D9DFB94FC /* Pods-Webscrape Tutorial.release.xcconfig */;
			buildSettings = {
				ASSETCATALOG_COMPILER_APPICON_NAME = AppIcon;
				CODE_SIGN_STYLE = Automatic;
				INFOPLIST_FILE = "Webscrape Tutorial/Info.plist";
				LD_RUNPATH_SEARCH_PATHS = "$(inherited) @executable_path/Frameworks";
				PRODUCT_BUNDLE_IDENTIFIER = "CHRM.Webscrape-Tutorial";
				PRODUCT_NAME = "$(TARGET_NAME)";
				SWIFT_VERSION = 4.0;
				TARGETED_DEVICE_FAMILY = "1,2";
			};
			name = Release;
		};
		0E1CBD4820D32953006E59BA /* Debug */ = {
			isa = XCBuildConfiguration;
			baseConfigurationReference = 2EF0B9A2236687FA276FF662 /* Pods-Webscrape TutorialTests.debug.xcconfig */;
			buildSettings = {
				ALWAYS_EMBED_SWIFT_STANDARD_LIBRARIES = YES;
				BUNDLE_LOADER = "$(TEST_HOST)";
				CODE_SIGN_STYLE = Automatic;
				INFOPLIST_FILE = "Webscrape TutorialTests/Info.plist";
				LD_RUNPATH_SEARCH_PATHS = "$(inherited) @executable_path/Frameworks @loader_path/Frameworks";
				PRODUCT_BUNDLE_IDENTIFIER = "CHRM.Webscrape-TutorialTests";
				PRODUCT_NAME = "$(TARGET_NAME)";
				SWIFT_VERSION = 4.0;
				TARGETED_DEVICE_FAMILY = "1,2";
				TEST_HOST = "$(BUILT_PRODUCTS_DIR)/Webscrape Tutorial.app/Webscrape Tutorial";
			};
			name = Debug;
		};
		0E1CBD4920D32953006E59BA /* Release */ = {
			isa = XCBuildConfiguration;
			baseConfigurationReference = 948FD54078F92F1268C18146 /* Pods-Webscrape TutorialTests.release.xcconfig */;
			buildSettings = {
				ALWAYS_EMBED_SWIFT_STANDARD_LIBRARIES = YES;
				BUNDLE_LOADER = "$(TEST_HOST)";
				CODE_SIGN_STYLE = Automatic;
				INFOPLIST_FILE = "Webscrape TutorialTests/Info.plist";
				LD_RUNPATH_SEARCH_PATHS = "$(inherited) @executable_path/Frameworks @loader_path/Frameworks";
				PRODUCT_BUNDLE_IDENTIFIER = "CHRM.Webscrape-TutorialTests";
				PRODUCT_NAME = "$(TARGET_NAME)";
				SWIFT_VERSION = 4.0;
				TARGETED_DEVICE_FAMILY = "1,2";
				TEST_HOST = "$(BUILT_PRODUCTS_DIR)/Webscrape Tutorial.app/Webscrape Tutorial";
			};
			name = Release;
		};
		0E1CBD4B20D32953006E59BA /* Debug */ = {
			isa = XCBuildConfiguration;
			baseConfigurationReference = B5E45327EE2C3287CB2939F2 /* Pods-Webscrape TutorialUITests.debug.xcconfig */;
			buildSettings = {
				ALWAYS_EMBED_SWIFT_STANDARD_LIBRARIES = YES;
				CODE_SIGN_STYLE = Automatic;
				INFOPLIST_FILE = "Webscrape TutorialUITests/Info.plist";
				LD_RUNPATH_SEARCH_PATHS = "$(inherited) @executable_path/Frameworks @loader_path/Frameworks";
				PRODUCT_BUNDLE_IDENTIFIER = "CHRM.Webscrape-TutorialUITests";
				PRODUCT_NAME = "$(TARGET_NAME)";
				SWIFT_VERSION = 4.0;
				TARGETED_DEVICE_FAMILY = "1,2";
				TEST_TARGET_NAME = "Webscrape Tutorial";
			};
			name = Debug;
		};
		0E1CBD4C20D32953006E59BA /* Release */ = {
			isa = XCBuildConfiguration;
			baseConfigurationReference = 01DC3E4A03A3E88A1429CEBB /* Pods-Webscrape TutorialUITests.release.xcconfig */;
			buildSettings = {
				ALWAYS_EMBED_SWIFT_STANDARD_LIBRARIES = YES;
				CODE_SIGN_STYLE = Automatic;
				INFOPLIST_FILE = "Webscrape TutorialUITests/Info.plist";
				LD_RUNPATH_SEARCH_PATHS = "$(inherited) @executable_path/Frameworks @loader_path/Frameworks";
				PRODUCT_BUNDLE_IDENTIFIER = "CHRM.Webscrape-TutorialUITests";
				PRODUCT_NAME = "$(TARGET_NAME)";
				SWIFT_VERSION = 4.0;
				TARGETED_DEVICE_FAMILY = "1,2";
				TEST_TARGET_NAME = "Webscrape Tutorial";
			};
			name = Release;
		};
/* End XCBuildConfiguration section */

/* Begin XCConfigurationList section */
		0E1CBD1720D32953006E59BA /* Build configuration list for PBXProject "Webscrape Tutorial" */ = {
			isa = XCConfigurationList;
			buildConfigurations = (
				0E1CBD4220D32953006E59BA /* Debug */,
				0E1CBD4320D32953006E59BA /* Release */,
			);
			defaultConfigurationIsVisible = 0;
			defaultConfigurationName = Release;
		};
		0E1CBD4420D32953006E59BA /* Build configuration list for PBXNativeTarget "Webscrape Tutorial" */ = {
			isa = XCConfigurationList;
			buildConfigurations = (
				0E1CBD4520D32953006E59BA /* Debug */,
				0E1CBD4620D32953006E59BA /* Release */,
			);
			defaultConfigurationIsVisible = 0;
			defaultConfigurationName = Release;
		};
		0E1CBD4720D32953006E59BA /* Build configuration list for PBXNativeTarget "Webscrape TutorialTests" */ = {
			isa = XCConfigurationList;
			buildConfigurations = (
				0E1CBD4820D32953006E59BA /* Debug */,
				0E1CBD4920D32953006E59BA /* Release */,
			);
			defaultConfigurationIsVisible = 0;
			defaultConfigurationName = Release;
		};
		0E1CBD4A20D32953006E59BA /* Build configuration list for PBXNativeTarget "Webscrape TutorialUITests" */ = {
			isa = XCConfigurationList;
			buildConfigurations = (
				0E1CBD4B20D32953006E59BA /* Debug */,
				0E1CBD4C20D32953006E59BA /* Release */,
			);
			defaultConfigurationIsVisible = 0;
			defaultConfigurationName = Release;
		};
/* End XCConfigurationList section */
	};
	rootObject = 0E1CBD1420D32953006E59BA /* Project object */;
}
